
Microsoft Visual Studio Solution File, Format Version 12.00
# Visual Studio Version 17
VisualStudioVersion = 17.5.002.0
MinimumVisualStudioVersion = 10.0.40219.1
Project("{9A19103F-16F7-4668-BE54-9A1E7A4F7556}") = "blazor-server-auth", "blazor-server-auth.csproj", "{0130290C-56E4-45D3-A6A3-06C0D6F3F587}"
EndProject
Global
	GlobalSection(SolutionConfigurationPlatforms) = preSolution
		Debug|Any CPU = Debug|Any CPU
		Release|Any CPU = Release|Any CPU
	EndGlobalSection
	GlobalSection(ProjectConfigurationPlatforms) = postSolution
		{0130290C-56E4-45D3-A6A3-06C0D6F3F587}.Debug|Any CPU.ActiveCfg = Debug|Any CPU
		{0130290C-56E4-45D3-A6A3-06C0D6F3F587}.Debug|Any CPU.Build.0 = Debug|Any CPU
		{0130290C-56E4-45D3-A6A3-06C0D6F3F587}.Release|Any CPU.ActiveCfg = Release|Any CPU
		{0130290C-56E4-45D3-A6A3-06C0D6F3F587}.Release|Any CPU.Build.0 = Release|Any CPU
	EndGlobalSection
	GlobalSection(SolutionProperties) = preSolution
		HideSolutionNode = FALSE
	EndGlobalSection
	GlobalSection(ExtensibilityGlobals) = postSolution
		SolutionGuid = {DDF65986-9F4E-4E3E-86F1-F41DC3F116E7}
	EndGlobalSection
EndGlobal
