
Microsoft Visual Studio Solution File, Format Version 12.00
# Visual Studio Version 17
VisualStudioVersion = 17.5.002.0
MinimumVisualStudioVersion = 10.0.40219.1
Project("{9A19103F-16F7-4668-BE54-9A1E7A4F7556}") = "BlazorApp8", "BlazorApp8.csproj", "{00E3969F-623C-4DC3-B3E1-E7470E356911}"
EndProject
Global
	GlobalSection(SolutionConfigurationPlatforms) = preSolution
		Debug|Any CPU = Debug|Any CPU
		Release|Any CPU = Release|Any CPU
	EndGlobalSection
	GlobalSection(ProjectConfigurationPlatforms) = postSolution
		{00E3969F-623C-4DC3-B3E1-E7470E356911}.Debug|Any CPU.ActiveCfg = Debug|Any CPU
		{00E3969F-623C-4DC3-B3E1-E7470E356911}.Debug|Any CPU.Build.0 = Debug|Any CPU
		{00E3969F-623C-4DC3-B3E1-E7470E356911}.Release|Any CPU.ActiveCfg = Release|Any CPU
		{00E3969F-623C-4DC3-B3E1-E7470E356911}.Release|Any CPU.Build.0 = Release|Any CPU
	EndGlobalSection
	GlobalSection(SolutionProperties) = preSolution
		HideSolutionNode = FALSE
	EndGlobalSection
	GlobalSection(ExtensibilityGlobals) = postSolution
		SolutionGuid = {F0E6F9C0-F4A3-440B-A6A9-53EBD7BC98BB}
	EndGlobalSection
EndGlobal
